#
# This file is autogenerated by pip-compile with Python 3.14
# by the following command:
#
#    pip-compile --extra=test --output-file=requirements-dev.lock --strip-extras pyproject.toml
#
alpaca-py==0.43.5
    # via powertradeai-django (pyproject.toml)
annotated-types==0.8.0
    # via pydantic
anyio==4.14.2
    # via
    #   httpx
    #   openai
asgiref==3.12.1
    # via django
certifi==2026.7.22
    # via
    #   httpcore
    #   httpx
    #   requests
charset-normalizer==3.4.9
    # via requests
distro==1.9.0
    # via openai
django==6.0.7
    # via
    #   djangorestframework
    #   powertradeai-django (pyproject.toml)
djangorestframework==3.17.1
    # via powertradeai-django (pyproject.toml)
grpcio==1.83.0
    # via thetadata
h11==0.16.0
    # via httpcore
httpcore==1.0.9
    # via httpx
httpx==0.28.1
    # via
    #   openai
    #   thetadata
idna==3.18
    # via
    #   anyio
    #   httpx
    #   requests
iniconfig==2.3.0
    # via pytest
jiter==0.16.0
    # via openai
msgpack==1.2.1
    # via alpaca-py
numpy==2.4.6
    # via
    #   pandas
    #   powertradeai-django (pyproject.toml)
openai==2.52.0
    # via powertradeai-django (pyproject.toml)
packaging==26.2
    # via pytest
pandas==3.0.5
    # via
    #   alpaca-py
    #   powertradeai-django (pyproject.toml)
    #   thetadata
pluggy==1.6.0
    # via pytest
polars==1.43.2
    # via thetadata
polars-runtime-32==1.43.2
    # via polars
protobuf==7.35.1
    # via thetadata
pydantic==2.13.4
    # via
    #   alpaca-py
    #   openai
pydantic-core==2.46.4
    # via pydantic
pygments==2.20.0
    # via pytest
pytest==9.1.1
    # via
    #   powertradeai-django (pyproject.toml)
    #   pytest-django
pytest-django==4.12.0
    # via powertradeai-django (pyproject.toml)
python-dateutil==2.9.0.post0
    # via pandas
pytz==2026.3.post1
    # via alpaca-py
requests==2.34.2
    # via alpaca-py
ruff==0.16.1
    # via powertradeai-django (pyproject.toml)
six==1.17.0
    # via python-dateutil
sniffio==1.3.1
    # via openai
sqlparse==0.5.5
    # via django
sseclient-py==1.9.0
    # via alpaca-py
thetadata==1.0.9
    # via powertradeai-django (pyproject.toml)
tqdm==4.70.0
    # via openai
typing-extensions==4.16.0
    # via
    #   grpcio
    #   openai
    #   pydantic
    #   pydantic-core
    #   typing-inspection
typing-inspection==0.4.2
    # via pydantic
urllib3==2.7.0
    # via requests
websockets==17.0.1
    # via alpaca-py
zstandard==0.25.0
    # via thetadata
